
Microsoft Visual Studio Solution File, Format Version 12.00
# Visual Studio Version 16
VisualStudioVersion = 16.0.31229.75
MinimumVisualStudioVersion = 10.0.40219.1
Project("{FAE04EC0-301F-11D3-BF4B-00C04F79EFBC}") = "ClaseASPMVC", "ClaseASPMVC\ClaseASPMVC.csproj", "{A2D23918-3D5C-4FEA-89EC-700EAB66CE49}"
EndProject
Global
	GlobalSection(SolutionConfigurationPlatforms) = preSolution
		Debug|Any CPU = Debug|Any CPU
		Release|Any CPU = Release|Any CPU
	EndGlobalSection
	GlobalSection(ProjectConfigurationPlatforms) = postSolution
		{A2D23918-3D5C-4FEA-89EC-700EAB66CE49}.Debug|Any CPU.ActiveCfg = Debug|Any CPU
		{A2D23918-3D5C-4FEA-89EC-700EAB66CE49}.Debug|Any CPU.Build.0 = Debug|Any CPU
		{A2D23918-3D5C-4FEA-89EC-700EAB66CE49}.Release|Any CPU.ActiveCfg = Release|Any CPU
		{A2D23918-3D5C-4FEA-89EC-700EAB66CE49}.Release|Any CPU.Build.0 = Release|Any CPU
	EndGlobalSection
	GlobalSection(SolutionProperties) = preSolution
		HideSolutionNode = FALSE
	EndGlobalSection
	GlobalSection(ExtensibilityGlobals) = postSolution
		SolutionGuid = {CE01F6B9-0DD0-4F66-9E0B-EC9543D43A67}
	EndGlobalSection
EndGlobal
